
Microsoft Visual Studio Solution File, Format Version 12.00
# Visual Studio Version 17
VisualStudioVersion = 17.6.33815.320
MinimumVisualStudioVersion = 10.0.40219.1
Project("{9A19103F-16F7-4668-BE54-9A1E7A4F7556}") = "Lesson20062023", "Lesson21062023\Lesson20062023.csproj", "{CCDD1249-CD97-4069-8509-5B436273CF71}"
EndProject
Global
	GlobalSection(SolutionConfigurationPlatforms) = preSolution
		Debug|Any CPU = Debug|Any CPU
		Release|Any CPU = Release|Any CPU
	EndGlobalSection
	GlobalSection(ProjectConfigurationPlatforms) = postSolution
		{CCDD1249-CD97-4069-8509-5B436273CF71}.Debug|Any CPU.ActiveCfg = Debug|Any CPU
		{CCDD1249-CD97-4069-8509-5B436273CF71}.Debug|Any CPU.Build.0 = Debug|Any CPU
		{CCDD1249-CD97-4069-8509-5B436273CF71}.Release|Any CPU.ActiveCfg = Release|Any CPU
		{CCDD1249-CD97-4069-8509-5B436273CF71}.Release|Any CPU.Build.0 = Release|Any CPU
	EndGlobalSection
	GlobalSection(SolutionProperties) = preSolution
		HideSolutionNode = FALSE
	EndGlobalSection
	GlobalSection(ExtensibilityGlobals) = postSolution
		SolutionGuid = {CDF05DC9-8B63-49C4-86AA-E547E8979886}
	EndGlobalSection
EndGlobal
